{"1.1.0",
[{<<"bbmustache">>,{pkg,<<"bbmustache">>,<<"1.3.0">>},1},
 {<<"certifi">>,{pkg,<<"certifi">>,<<"2.0.0">>},1},
 {<<"cf">>,{pkg,<<"cf">>,<<"0.2.2">>},1},
 {<<"cowboy">>,
  {git,"git://github.com/ninenines/cowboy.git",
       {ref,"a7b06f2e138c0c03c2511ed9fe6803fc9ebf3401"}},
  0},
 {<<"cowlib">>,
  {git,"https://github.com/ninenines/cowlib",
       {ref,"b6381527831c5ebb74759e119a517b7d22d4b23a"}},
  1},
 {<<"cth_readable">>,{pkg,<<"cth_readable">>,<<"1.3.2">>},1},
 {<<"epgsql">>,
  {git,"git://github.com/epgsql/epgsql.git",
       {ref,"1c37ea4dc121330c25d4601b465bf78038ef0fee"}},
  0},
 {<<"erlware_commons">>,{pkg,<<"erlware_commons">>,<<"1.0.4">>},1},
 {<<"eunit_formatters">>,{pkg,<<"eunit_formatters">>,<<"0.5.0">>},1},
 {<<"getopt">>,{pkg,<<"getopt">>,<<"1.0.1">>},1},
 {<<"hackney">>,
  {git,"git://github.com/benoitc/hackney.git",
       {ref,"e6d84f40a4d2d650659ac54dba99c0bcbbb86af4"}},
  0},
 {<<"idna">>,{pkg,<<"idna">>,<<"5.1.1">>},1},
 {<<"jiffy">>,{pkg,<<"jiffy">>,<<"0.14.7">>},1},
 {<<"jsone">>,
  {git,"git://github.com/sile/jsone.git",
       {ref,"0e42866709d54d462c52d252b75f5f481ba0b155"}},
  0},
 {<<"metrics">>,{pkg,<<"metrics">>,<<"1.0.1">>},1},
 {<<"mimerl">>,{pkg,<<"mimerl">>,<<"1.0.2">>},1},
 {<<"pe4kin">>,
  {git,"git://github.com/seriyps/pe4kin.git",
       {ref,"62da02676b1dba33c3c44f8febe2811b00d36a15"}},
  0},
 {<<"providers">>,{pkg,<<"providers">>,<<"1.7.0">>},1},
 {<<"ranch">>,
  {git,"https://github.com/ninenines/ranch",
       {ref,"55c2a9d623454f372a15e99721a37093d8773b48"}},
  1},
 {<<"rebar">>,
  {git,"git://github.com/erlang/rebar3.git",
       {ref,"e569a2c1b7af599f0d0c0bab873e9a128bebce45"}},
  0},
 {<<"relx">>,{pkg,<<"relx">>,<<"3.24.3">>},1},
 {<<"ssl_verify_fun">>,{pkg,<<"ssl_verify_fun">>,<<"1.1.3">>},1},
 {<<"unicode_util_compat">>,{pkg,<<"unicode_util_compat">>,<<"0.3.1">>},2}]}.
[
{pkg_hash,[
 {<<"bbmustache">>, <<"2010ADAE78830992A4C69680115ECD7D475DD03A72C076BBADDCCBF2D4B32035">>},
 {<<"certifi">>, <<"A0C0E475107135F76B8C1D5BC7EFB33CD3815CB3CF3DEA7AEFDD174DABEAD064">>},
 {<<"cf">>, <<"7F2913FFF90ABCABD0F489896CFEB0B0674F6C8DF6C10B17A83175448029896C">>},
 {<<"cth_readable">>, <<"44F963C27027EBE92BECBE3194FD9A3798507C7352E2C6F36950DE61CB3C8146">>},
 {<<"erlware_commons">>, <<"8F215709CCB8A99BC0436405CD78A8A92B84AD08969C2B926E239CC3B08AC4DC">>},
 {<<"eunit_formatters">>, <<"6A9133943D36A465D804C1C5B6E6839030434B8879C5600D7DDB5B3BAD4CCB59">>},
 {<<"getopt">>, <<"C73A9FA687B217F2FF79F68A3B637711BB1936E712B521D8CE466B29CBF7808A">>},
 {<<"idna">>, <<"CBC3B2FA1645113267CC59C760BAFA64B2EA0334635EF06DBAC8801E42F7279C">>},
 {<<"jiffy">>, <<"9F33B893EDD6041CEAE03BC1E50B412E858CC80B46F3D7535A7A9940A79A1C37">>},
 {<<"metrics">>, <<"25F094DEA2CDA98213CECC3AEFF09E940299D950904393B2A29D191C346A8486">>},
 {<<"mimerl">>, <<"993F9B0E084083405ED8252B99460C4F0563E41729AB42D9074FD5E52439BE88">>},
 {<<"providers">>, <<"BBF730563914328EC2511D205E6477A94831DB7297DE313B3872A2B26C562EAB">>},
 {<<"relx">>, <<"A7ADA05319D52791FC63BAC8027F464156B52A0453BA5DD09A9386BABF06AF26">>},
 {<<"ssl_verify_fun">>, <<"6C49665D4326E26CD4A5B7BD54AA442B33DADFB7C5D59A0D0CD0BF5534BBFBD7">>},
 {<<"unicode_util_compat">>, <<"A1F612A7B512638634A603C8F401892AFBF99B8CE93A45041F8AACA99CADB85E">>}]}
].
